
Microsoft Visual Studio Solution File, Format Version 12.00
# Visual Studio 15
VisualStudioVersion = 15.0.27428.2037
MinimumVisualStudioVersion = 10.0.40219.1
Project("{8BC9CEB8-8B4A-11D0-8D11-00A0C91BC942}") = "CV4_st49669_samostPrace", "CV4_st49669_samostPrace\CV4_st49669_samostPrace.vcxproj", "{BBB223EE-7082-45CD-8BAD-AD50C11B4DBC}"
EndProject
Global
	GlobalSection(SolutionConfigurationPlatforms) = preSolution
		Debug|x64 = Debug|x64
		Debug|x86 = Debug|x86
		Release|x64 = Release|x64
		Release|x86 = Release|x86
	EndGlobalSection
	GlobalSection(ProjectConfigurationPlatforms) = postSolution
		{BBB223EE-7082-45CD-8BAD-AD50C11B4DBC}.Debug|x64.ActiveCfg = Debug|x64
		{BBB223EE-7082-45CD-8BAD-AD50C11B4DBC}.Debug|x64.Build.0 = Debug|x64
		{BBB223EE-7082-45CD-8BAD-AD50C11B4DBC}.Debug|x86.ActiveCfg = Debug|Win32
		{BBB223EE-7082-45CD-8BAD-AD50C11B4DBC}.Debug|x86.Build.0 = Debug|Win32
		{BBB223EE-7082-45CD-8BAD-AD50C11B4DBC}.Release|x64.ActiveCfg = Release|x64
		{BBB223EE-7082-45CD-8BAD-AD50C11B4DBC}.Release|x64.Build.0 = Release|x64
		{BBB223EE-7082-45CD-8BAD-AD50C11B4DBC}.Release|x86.ActiveCfg = Release|Win32
		{BBB223EE-7082-45CD-8BAD-AD50C11B4DBC}.Release|x86.Build.0 = Release|Win32
	EndGlobalSection
	GlobalSection(SolutionProperties) = preSolution
		HideSolutionNode = FALSE
	EndGlobalSection
	GlobalSection(ExtensibilityGlobals) = postSolution
		SolutionGuid = {5087FEAE-6CF9-4D56-A74D-2729FB390506}
	EndGlobalSection
EndGlobal
